{
  "requires": true,
  "lockfileVersion": 1,
  "dependencies": {
    "resize-observer-polyfill": {
      "version": "1.5.1",
      "resolved": "https://registry.npmjs.org/resize-observer-polyfill/-/resize-observer-polyfill-1.5.1.tgz",
      "integrity": "sha512-LwZrotdHOo12nQuZlHEmtuXdqGoOD0OhaxopaNFxWzInpEgaLWoVuAMbTzixuosCx2nEG58ngzW3vxdWoxIgdg=="
    },
    "vue-js-modal": {
      "version": "2.0.0-rc.6",
      "resolved": "https://registry.npmjs.org/vue-js-modal/-/vue-js-modal-2.0.0-rc.6.tgz",
      "integrity": "sha512-bJOm7Yhrl0ur/QyXjoC3gMMmE7UxiVEcS2rl8v9iPXIe9QLvjiCSZElSOvvyps8LNuG1X0rPifZGxI/CWKCFaw==",
      "requires": {
        "resize-observer-polyfill": "^1.5.1"
      }
    }
  }
}
